
Microsoft Visual Studio Solution File, Format Version 12.00
# Visual Studio Version 17
VisualStudioVersion = 17.0.31903.59
MinimumVisualStudioVersion = 10.0.40219.1
Project("{2150E333-8FDC-42A3-9474-1A3956D46DE8}") = "src", "src", "{B5CD4237-C1EE-4B5D-8FBD-6F5D53A1DBED}"
EndProject
Project("{FAE04EC0-301F-11D3-BF4B-00C04F79EFBC}") = "AuctionService", "src\AuctionService\AuctionService.csproj", "{8EEE9AC1-3313-46DC-896B-4B26A4E6C277}"
EndProject
Project("{FAE04EC0-301F-11D3-BF4B-00C04F79EFBC}") = "SearchService", "src\SearchService\SearchService.csproj", "{7BB0DA5C-05B5-4731-B468-F0204035FAC0}"
EndProject
Project("{FAE04EC0-301F-11D3-BF4B-00C04F79EFBC}") = "Contracts", "src\Contracts\Contracts.csproj", "{82BC0102-6A8F-4ED8-9731-DE95C834ED5F}"
EndProject
Project("{FAE04EC0-301F-11D3-BF4B-00C04F79EFBC}") = "IdentityService", "src\IdentityService\IdentityService.csproj", "{889C01CD-8E24-4C76-862E-C715A61CB40E}"
EndProject
Global
	GlobalSection(SolutionConfigurationPlatforms) = preSolution
		Debug|Any CPU = Debug|Any CPU
		Release|Any CPU = Release|Any CPU
	EndGlobalSection
	GlobalSection(SolutionProperties) = preSolution
		HideSolutionNode = FALSE
	EndGlobalSection
	GlobalSection(ProjectConfigurationPlatforms) = postSolution
		{8EEE9AC1-3313-46DC-896B-4B26A4E6C277}.Debug|Any CPU.ActiveCfg = Debug|Any CPU
		{8EEE9AC1-3313-46DC-896B-4B26A4E6C277}.Debug|Any CPU.Build.0 = Debug|Any CPU
		{8EEE9AC1-3313-46DC-896B-4B26A4E6C277}.Release|Any CPU.ActiveCfg = Release|Any CPU
		{8EEE9AC1-3313-46DC-896B-4B26A4E6C277}.Release|Any CPU.Build.0 = Release|Any CPU
		{7BB0DA5C-05B5-4731-B468-F0204035FAC0}.Debug|Any CPU.ActiveCfg = Debug|Any CPU
		{7BB0DA5C-05B5-4731-B468-F0204035FAC0}.Debug|Any CPU.Build.0 = Debug|Any CPU
		{7BB0DA5C-05B5-4731-B468-F0204035FAC0}.Release|Any CPU.ActiveCfg = Release|Any CPU
		{7BB0DA5C-05B5-4731-B468-F0204035FAC0}.Release|Any CPU.Build.0 = Release|Any CPU
		{82BC0102-6A8F-4ED8-9731-DE95C834ED5F}.Debug|Any CPU.ActiveCfg = Debug|Any CPU
		{82BC0102-6A8F-4ED8-9731-DE95C834ED5F}.Debug|Any CPU.Build.0 = Debug|Any CPU
		{82BC0102-6A8F-4ED8-9731-DE95C834ED5F}.Release|Any CPU.ActiveCfg = Release|Any CPU
		{82BC0102-6A8F-4ED8-9731-DE95C834ED5F}.Release|Any CPU.Build.0 = Release|Any CPU
		{889C01CD-8E24-4C76-862E-C715A61CB40E}.Debug|Any CPU.ActiveCfg = Debug|Any CPU
		{889C01CD-8E24-4C76-862E-C715A61CB40E}.Debug|Any CPU.Build.0 = Debug|Any CPU
		{889C01CD-8E24-4C76-862E-C715A61CB40E}.Release|Any CPU.ActiveCfg = Release|Any CPU
		{889C01CD-8E24-4C76-862E-C715A61CB40E}.Release|Any CPU.Build.0 = Release|Any CPU
	EndGlobalSection
	GlobalSection(NestedProjects) = preSolution
		{8EEE9AC1-3313-46DC-896B-4B26A4E6C277} = {B5CD4237-C1EE-4B5D-8FBD-6F5D53A1DBED}
		{7BB0DA5C-05B5-4731-B468-F0204035FAC0} = {B5CD4237-C1EE-4B5D-8FBD-6F5D53A1DBED}
		{82BC0102-6A8F-4ED8-9731-DE95C834ED5F} = {B5CD4237-C1EE-4B5D-8FBD-6F5D53A1DBED}
		{889C01CD-8E24-4C76-862E-C715A61CB40E} = {B5CD4237-C1EE-4B5D-8FBD-6F5D53A1DBED}
	EndGlobalSection
EndGlobal
